
Microsoft Visual Studio Solution File, Format Version 12.00
Project("{FAE04EC0-301F-11D3-BF4B-00C04F79EFBC}") = "Adel.General.Seedwork.Domain", "Adel.General.Seedwork.Domain\Adel.General.Seedwork.Domain.csproj", "{D1484546-8DF1-4CA1-8726-3200B57ADD9B}"
EndProject
Project("{FAE04EC0-301F-11D3-BF4B-00C04F79EFBC}") = "Adel.General.Seedwork.Auditing", "Adel.General.Seedwork.Auditing\Adel.General.Seedwork.Auditing.csproj", "{F2EB6F0D-293C-4FB0-8B65-59A7247567DD}"
EndProject
Project("{FAE04EC0-301F-11D3-BF4B-00C04F79EFBC}") = "Adel.General.Seedwork.Extensions", "Adel.General.Seedwork.Extensions\Adel.General.Seedwork.Extensions.csproj", "{21200461-6A45-46DF-85E8-469A8B000285}"
EndProject
Project("{FAE04EC0-301F-11D3-BF4B-00C04F79EFBC}") = "Adel.General.Seedwork.Utils", "Adel.General.Seedwork.Utils\Adel.General.Seedwork.Utils.csproj", "{E9A0C824-4421-4B27-B9F9-7E510D3CC96D}"
EndProject
Global
	GlobalSection(SolutionConfigurationPlatforms) = preSolution
		Debug|Any CPU = Debug|Any CPU
		Release|Any CPU = Release|Any CPU
	EndGlobalSection
	GlobalSection(ProjectConfigurationPlatforms) = postSolution
		{D1484546-8DF1-4CA1-8726-3200B57ADD9B}.Debug|Any CPU.ActiveCfg = Debug|Any CPU
		{D1484546-8DF1-4CA1-8726-3200B57ADD9B}.Debug|Any CPU.Build.0 = Debug|Any CPU
		{D1484546-8DF1-4CA1-8726-3200B57ADD9B}.Release|Any CPU.ActiveCfg = Release|Any CPU
		{D1484546-8DF1-4CA1-8726-3200B57ADD9B}.Release|Any CPU.Build.0 = Release|Any CPU
		{F2EB6F0D-293C-4FB0-8B65-59A7247567DD}.Debug|Any CPU.ActiveCfg = Debug|Any CPU
		{F2EB6F0D-293C-4FB0-8B65-59A7247567DD}.Debug|Any CPU.Build.0 = Debug|Any CPU
		{F2EB6F0D-293C-4FB0-8B65-59A7247567DD}.Release|Any CPU.ActiveCfg = Release|Any CPU
		{F2EB6F0D-293C-4FB0-8B65-59A7247567DD}.Release|Any CPU.Build.0 = Release|Any CPU
		{21200461-6A45-46DF-85E8-469A8B000285}.Debug|Any CPU.ActiveCfg = Debug|Any CPU
		{21200461-6A45-46DF-85E8-469A8B000285}.Debug|Any CPU.Build.0 = Debug|Any CPU
		{21200461-6A45-46DF-85E8-469A8B000285}.Release|Any CPU.ActiveCfg = Release|Any CPU
		{21200461-6A45-46DF-85E8-469A8B000285}.Release|Any CPU.Build.0 = Release|Any CPU
		{E9A0C824-4421-4B27-B9F9-7E510D3CC96D}.Debug|Any CPU.ActiveCfg = Debug|Any CPU
		{E9A0C824-4421-4B27-B9F9-7E510D3CC96D}.Debug|Any CPU.Build.0 = Debug|Any CPU
		{E9A0C824-4421-4B27-B9F9-7E510D3CC96D}.Release|Any CPU.ActiveCfg = Release|Any CPU
		{E9A0C824-4421-4B27-B9F9-7E510D3CC96D}.Release|Any CPU.Build.0 = Release|Any CPU
	EndGlobalSection
EndGlobal
